
Microsoft Visual Studio Solution File, Format Version 12.00
# Visual Studio Version 17
VisualStudioVersion = 17.6.33513.286
MinimumVisualStudioVersion = 10.0.40219.1
Project("{FAE04EC0-301F-11D3-BF4B-00C04F79EFBC}") = "NLayer.Core", "NLayer.Core\NLayer.Core.csproj", "{BC3A1300-399C-4C1C-B4E4-19A262BAE5C0}"
EndProject
Project("{FAE04EC0-301F-11D3-BF4B-00C04F79EFBC}") = "NLayer.Repository", "NLayer.Repository\NLayer.Repository.csproj", "{BE212F4A-7739-4CA3-9F88-23FADE2729A5}"
EndProject
Project("{FAE04EC0-301F-11D3-BF4B-00C04F79EFBC}") = "NLayer.Service", "NLayer.Service\NLayer.Service.csproj", "{3B98FB0E-BA71-4E2B-B565-518080F89F2F}"
EndProject
Project("{FAE04EC0-301F-11D3-BF4B-00C04F79EFBC}") = "NLayer.API", "NLayer.API\NLayer.API.csproj", "{8623A6EF-A751-477C-B220-6674BEDE427D}"
EndProject
Project("{FAE04EC0-301F-11D3-BF4B-00C04F79EFBC}") = "NLayer.Caching", "NLayer.Caching\NLayer.Caching.csproj", "{66F703E3-EABE-4FC2-9F8E-13486CAB0FDB}"
EndProject
Global
	GlobalSection(SolutionConfigurationPlatforms) = preSolution
		Debug|Any CPU = Debug|Any CPU
		Release|Any CPU = Release|Any CPU
	EndGlobalSection
	GlobalSection(ProjectConfigurationPlatforms) = postSolution
		{BC3A1300-399C-4C1C-B4E4-19A262BAE5C0}.Debug|Any CPU.ActiveCfg = Debug|Any CPU
		{BC3A1300-399C-4C1C-B4E4-19A262BAE5C0}.Debug|Any CPU.Build.0 = Debug|Any CPU
		{BC3A1300-399C-4C1C-B4E4-19A262BAE5C0}.Release|Any CPU.ActiveCfg = Release|Any CPU
		{BC3A1300-399C-4C1C-B4E4-19A262BAE5C0}.Release|Any CPU.Build.0 = Release|Any CPU
		{BE212F4A-7739-4CA3-9F88-23FADE2729A5}.Debug|Any CPU.ActiveCfg = Debug|Any CPU
		{BE212F4A-7739-4CA3-9F88-23FADE2729A5}.Debug|Any CPU.Build.0 = Debug|Any CPU
		{BE212F4A-7739-4CA3-9F88-23FADE2729A5}.Release|Any CPU.ActiveCfg = Release|Any CPU
		{BE212F4A-7739-4CA3-9F88-23FADE2729A5}.Release|Any CPU.Build.0 = Release|Any CPU
		{3B98FB0E-BA71-4E2B-B565-518080F89F2F}.Debug|Any CPU.ActiveCfg = Debug|Any CPU
		{3B98FB0E-BA71-4E2B-B565-518080F89F2F}.Debug|Any CPU.Build.0 = Debug|Any CPU
		{3B98FB0E-BA71-4E2B-B565-518080F89F2F}.Release|Any CPU.ActiveCfg = Release|Any CPU
		{3B98FB0E-BA71-4E2B-B565-518080F89F2F}.Release|Any CPU.Build.0 = Release|Any CPU
		{8623A6EF-A751-477C-B220-6674BEDE427D}.Debug|Any CPU.ActiveCfg = Debug|Any CPU
		{8623A6EF-A751-477C-B220-6674BEDE427D}.Debug|Any CPU.Build.0 = Debug|Any CPU
		{8623A6EF-A751-477C-B220-6674BEDE427D}.Release|Any CPU.ActiveCfg = Release|Any CPU
		{8623A6EF-A751-477C-B220-6674BEDE427D}.Release|Any CPU.Build.0 = Release|Any CPU
		{66F703E3-EABE-4FC2-9F8E-13486CAB0FDB}.Debug|Any CPU.ActiveCfg = Debug|Any CPU
		{66F703E3-EABE-4FC2-9F8E-13486CAB0FDB}.Debug|Any CPU.Build.0 = Debug|Any CPU
		{66F703E3-EABE-4FC2-9F8E-13486CAB0FDB}.Release|Any CPU.ActiveCfg = Release|Any CPU
		{66F703E3-EABE-4FC2-9F8E-13486CAB0FDB}.Release|Any CPU.Build.0 = Release|Any CPU
	EndGlobalSection
	GlobalSection(SolutionProperties) = preSolution
		HideSolutionNode = FALSE
	EndGlobalSection
	GlobalSection(ExtensibilityGlobals) = postSolution
		SolutionGuid = {47BC2AC3-6BE0-4989-BA02-0C5C8B8941DB}
	EndGlobalSection
EndGlobal
